{
  "name": "yk-pets",
  "version": "0.7.8",
  "lockfileVersion": 3,
  "requires": true,
  "packages": {
    "": {
      "name": "yk-pets",
      "version": "0.7.8",
      "workspaces": [
        "packages/*"
      ],
      "devDependencies": {
        "@types/node": "^22.20.1"
      },
      "engines": {
        "node": ">=22.0.0"
      }
    },
    "node_modules/@types/node": {
      "version": "22.20.1",
      "resolved": "https://packages.applied-caas-gateway1.internal.api.openai.org/artifactory/api/npm/npm-public/@types/node/-/node-22.20.1.tgz",
      "integrity": "sha512-EANqOCF9QFyra+4pfxUcX9STKJpCLjMbObVzljIJomAWSnuSIEAvyzEU53GaajbXJEgdh0iEcPL+DGvpUd4k1Q==",
      "dev": true,
      "license": "MIT",
      "dependencies": {
        "undici-types": "~6.21.0"
      }
    },
    "node_modules/@yk-pets/pet-agent-policy": {
      "resolved": "packages/pet-agent-policy",
      "link": true
    },
    "node_modules/@yk-pets/pet-change-report": {
      "resolved": "packages/pet-change-report",
      "link": true
    },
    "node_modules/@yk-pets/pet-commit-ledger": {
      "resolved": "packages/pet-commit-ledger",
      "link": true
    },
    "node_modules/@yk-pets/pet-devtools-bridge": {
      "resolved": "packages/pet-devtools-bridge",
      "link": true
    },
    "node_modules/@yk-pets/pet-extension-runtime": {
      "resolved": "packages/pet-extension-runtime",
      "link": true
    },
    "node_modules/@yk-pets/pet-feature-loader": {
      "resolved": "packages/pet-feature-loader",
      "link": true
    },
    "node_modules/@yk-pets/pet-file-transaction": {
      "resolved": "packages/pet-file-transaction",
      "link": true
    },
    "node_modules/@yk-pets/pet-git-worktree": {
      "resolved": "packages/pet-git-worktree",
      "link": true
    },
    "node_modules/@yk-pets/pet-github-provider": {
      "resolved": "packages/pet-github-provider",
      "link": true
    },
    "node_modules/@yk-pets/pet-local-agent-host": {
      "resolved": "packages/pet-local-agent-host",
      "link": true
    },
    "node_modules/@yk-pets/pet-merge-gate": {
      "resolved": "packages/pet-merge-gate",
      "link": true
    },
    "node_modules/@yk-pets/pet-patch-plan": {
      "resolved": "packages/pet-patch-plan",
      "link": true
    },
    "node_modules/@yk-pets/pet-platform-adaptive": {
      "resolved": "packages/pet-platform-adaptive",
      "link": true
    },
    "node_modules/@yk-pets/pet-plugin-registry": {
      "resolved": "packages/pet-plugin-registry",
      "link": true
    },
    "node_modules/@yk-pets/pet-pr-lifecycle": {
      "resolved": "packages/pet-pr-lifecycle",
      "link": true
    },
    "node_modules/@yk-pets/pet-project-host": {
      "resolved": "packages/pet-project-host",
      "link": true
    },
    "node_modules/@yk-pets/pet-remediation-runner": {
      "resolved": "packages/pet-remediation-runner",
      "link": true
    },
    "node_modules/@yk-pets/pet-remote-release": {
      "resolved": "packages/pet-remote-release",
      "link": true
    },
    "node_modules/@yk-pets/pet-renderer-canvas2d": {
      "resolved": "packages/pet-renderer-canvas2d",
      "link": true
    },
    "node_modules/@yk-pets/pet-repository-policy": {
      "resolved": "packages/pet-repository-policy",
      "link": true
    },
    "node_modules/@yk-pets/pet-repository-publisher": {
      "resolved": "packages/pet-repository-publisher",
      "link": true
    },
    "node_modules/@yk-pets/pet-review-governance": {
      "resolved": "packages/pet-review-governance",
      "link": true
    },
    "node_modules/@yk-pets/pet-runtime-adaptive": {
      "resolved": "packages/pet-runtime-adaptive",
      "link": true
    },
    "node_modules/@yk-pets/pet-runtime-lifecycle": {
      "resolved": "packages/pet-runtime-lifecycle",
      "link": true
    },
    "node_modules/@yk-pets/pet-scope-approval": {
      "resolved": "packages/pet-scope-approval",
      "link": true
    },
    "node_modules/@yk-pets/pet-site-policy": {
      "resolved": "packages/pet-site-policy",
      "link": true
    },
    "node_modules/@yk-pets/pet-source-mapper": {
      "resolved": "packages/pet-source-mapper",
      "link": true
    },
    "node_modules/@yk-pets/pet-verification-runner": {
      "resolved": "packages/pet-verification-runner",
      "link": true
    },
    "node_modules/undici-types": {
      "version": "6.21.0",
      "resolved": "https://packages.applied-caas-gateway1.internal.api.openai.org/artifactory/api/npm/npm-public/undici-types/-/undici-types-6.21.0.tgz",
      "integrity": "sha512-iwDZqg0QAGrg9Rav5H4n0M64c3mkR59cJ6wQp+7C4nI0gsmExaedaYLNO44eT4AtBBwjbTiGPMlt2Md0T9H9JQ==",
      "dev": true,
      "license": "MIT"
    },
    "packages/pet-agent-policy": {
      "name": "@yk-pets/pet-agent-policy",
      "version": "0.7.8"
    },
    "packages/pet-change-report": {
      "name": "@yk-pets/pet-change-report",
      "version": "0.7.8",
      "dependencies": {
        "@yk-pets/pet-source-mapper": "0.7.8",
        "@yk-pets/pet-verification-runner": "0.7.8"
      },
      "engines": {
        "node": ">=18"
      }
    },
    "packages/pet-commit-ledger": {
      "name": "@yk-pets/pet-commit-ledger",
      "version": "0.7.8",
      "dependencies": {
        "@yk-pets/pet-patch-plan": "0.7.8"
      },
      "engines": {
        "node": ">=18"
      }
    },
    "packages/pet-devtools-bridge": {
      "name": "@yk-pets/pet-devtools-bridge",
      "version": "0.7.8",
      "engines": {
        "node": ">=18"
      }
    },
    "packages/pet-extension-runtime": {
      "name": "@yk-pets/pet-extension-runtime",
      "version": "0.7.8",
      "dependencies": {
        "@yk-pets/pet-feature-loader": "0.7.8",
        "@yk-pets/pet-runtime-adaptive": "0.7.8",
        "@yk-pets/pet-runtime-lifecycle": "0.7.8",
        "@yk-pets/pet-site-policy": "0.7.8"
      },
      "engines": {
        "node": ">=18"
      }
    },
    "packages/pet-feature-loader": {
      "name": "@yk-pets/pet-feature-loader",
      "version": "0.7.8",
      "engines": {
        "node": ">=18"
      }
    },
    "packages/pet-file-transaction": {
      "name": "@yk-pets/pet-file-transaction",
      "version": "0.7.8",
      "dependencies": {
        "@yk-pets/pet-patch-plan": "0.7.8"
      },
      "engines": {
        "node": ">=18"
      }
    },
    "packages/pet-git-worktree": {
      "name": "@yk-pets/pet-git-worktree",
      "version": "0.7.8",
      "dependencies": {
        "@yk-pets/pet-patch-plan": "0.7.8",
        "@yk-pets/pet-repository-policy": "0.7.8"
      },
      "engines": {
        "node": ">=18"
      }
    },
    "packages/pet-github-provider": {
      "name": "@yk-pets/pet-github-provider",
      "version": "0.7.8",
      "engines": {
        "node": ">=18"
      }
    },
    "packages/pet-local-agent-host": {
      "name": "@yk-pets/pet-local-agent-host",
      "version": "0.7.8",
      "dependencies": {
        "@yk-pets/pet-file-transaction": "0.7.8",
        "@yk-pets/pet-git-worktree": "0.7.8",
        "@yk-pets/pet-patch-plan": "0.7.8",
        "@yk-pets/pet-repository-policy": "0.7.8"
      },
      "engines": {
        "node": ">=22"
      }
    },
    "packages/pet-merge-gate": {
      "name": "@yk-pets/pet-merge-gate",
      "version": "0.7.8",
      "dependencies": {
        "@yk-pets/pet-github-provider": "0.7.8",
        "@yk-pets/pet-patch-plan": "0.7.8",
        "@yk-pets/pet-pr-lifecycle": "0.7.8"
      },
      "engines": {
        "node": ">=18"
      }
    },
    "packages/pet-patch-plan": {
      "name": "@yk-pets/pet-patch-plan",
      "version": "0.7.8",
      "engines": {
        "node": ">=18"
      }
    },
    "packages/pet-platform-adaptive": {
      "name": "@yk-pets/pet-platform-adaptive",
      "version": "0.7.8",
      "dependencies": {
        "@yk-pets/pet-agent-policy": "0.7.8",
        "@yk-pets/pet-change-report": "0.7.8",
        "@yk-pets/pet-commit-ledger": "0.7.8",
        "@yk-pets/pet-devtools-bridge": "0.7.8",
        "@yk-pets/pet-extension-runtime": "0.7.8",
        "@yk-pets/pet-feature-loader": "0.7.8",
        "@yk-pets/pet-file-transaction": "0.7.8",
        "@yk-pets/pet-git-worktree": "0.7.8",
        "@yk-pets/pet-github-provider": "0.7.8",
        "@yk-pets/pet-local-agent-host": "0.7.8",
        "@yk-pets/pet-merge-gate": "0.7.8",
        "@yk-pets/pet-patch-plan": "0.7.8",
        "@yk-pets/pet-plugin-registry": "0.7.8",
        "@yk-pets/pet-pr-lifecycle": "0.7.8",
        "@yk-pets/pet-project-host": "0.7.8",
        "@yk-pets/pet-remediation-runner": "0.7.8",
        "@yk-pets/pet-remote-release": "0.7.8",
        "@yk-pets/pet-renderer-canvas2d": "0.7.8",
        "@yk-pets/pet-repository-policy": "0.7.8",
        "@yk-pets/pet-repository-publisher": "0.7.8",
        "@yk-pets/pet-review-governance": "0.7.8",
        "@yk-pets/pet-runtime-adaptive": "0.7.8",
        "@yk-pets/pet-runtime-lifecycle": "0.7.8",
        "@yk-pets/pet-scope-approval": "0.7.8",
        "@yk-pets/pet-site-policy": "0.7.8",
        "@yk-pets/pet-source-mapper": "0.7.8",
        "@yk-pets/pet-verification-runner": "0.7.8"
      }
    },
    "packages/pet-plugin-registry": {
      "name": "@yk-pets/pet-plugin-registry",
      "version": "0.7.8"
    },
    "packages/pet-pr-lifecycle": {
      "name": "@yk-pets/pet-pr-lifecycle",
      "version": "0.7.8",
      "dependencies": {
        "@yk-pets/pet-github-provider": "0.7.8",
        "@yk-pets/pet-patch-plan": "0.7.8"
      },
      "engines": {
        "node": ">=18"
      }
    },
    "packages/pet-project-host": {
      "name": "@yk-pets/pet-project-host",
      "version": "0.7.8",
      "dependencies": {
        "@yk-pets/pet-file-transaction": "0.7.8",
        "@yk-pets/pet-patch-plan": "0.7.8"
      },
      "engines": {
        "node": ">=18"
      }
    },
    "packages/pet-remediation-runner": {
      "name": "@yk-pets/pet-remediation-runner",
      "version": "0.7.8",
      "dependencies": {
        "@yk-pets/pet-file-transaction": "0.7.8",
        "@yk-pets/pet-patch-plan": "0.7.8",
        "@yk-pets/pet-scope-approval": "0.7.8"
      },
      "engines": {
        "node": ">=18"
      }
    },
    "packages/pet-remote-release": {
      "name": "@yk-pets/pet-remote-release",
      "version": "0.7.8",
      "dependencies": {
        "@yk-pets/pet-git-worktree": "0.7.8",
        "@yk-pets/pet-github-provider": "0.7.8",
        "@yk-pets/pet-merge-gate": "0.7.8",
        "@yk-pets/pet-patch-plan": "0.7.8",
        "@yk-pets/pet-pr-lifecycle": "0.7.8",
        "@yk-pets/pet-review-governance": "0.7.8",
        "@yk-pets/pet-scope-approval": "0.7.8"
      },
      "engines": {
        "node": ">=18"
      }
    },
    "packages/pet-renderer-canvas2d": {
      "name": "@yk-pets/pet-renderer-canvas2d",
      "version": "0.7.8",
      "peerDependencies": {
        "@yk-pets/pet-runtime-adaptive": "0.7.8"
      },
      "peerDependenciesMeta": {
        "@yk-pets/pet-runtime-adaptive": {
          "optional": true
        }
      }
    },
    "packages/pet-repository-policy": {
      "name": "@yk-pets/pet-repository-policy",
      "version": "0.7.8",
      "dependencies": {
        "@yk-pets/pet-patch-plan": "0.7.8"
      },
      "engines": {
        "node": ">=18"
      }
    },
    "packages/pet-repository-publisher": {
      "name": "@yk-pets/pet-repository-publisher",
      "version": "0.7.8",
      "dependencies": {
        "@yk-pets/pet-commit-ledger": "0.7.8",
        "@yk-pets/pet-git-worktree": "0.7.8",
        "@yk-pets/pet-patch-plan": "0.7.8",
        "@yk-pets/pet-repository-policy": "0.7.8",
        "@yk-pets/pet-scope-approval": "0.7.8"
      },
      "engines": {
        "node": ">=18"
      }
    },
    "packages/pet-review-governance": {
      "name": "@yk-pets/pet-review-governance",
      "version": "0.7.8",
      "dependencies": {
        "@yk-pets/pet-github-provider": "0.7.8",
        "@yk-pets/pet-patch-plan": "0.7.8",
        "@yk-pets/pet-pr-lifecycle": "0.7.8"
      },
      "engines": {
        "node": ">=18"
      }
    },
    "packages/pet-runtime-adaptive": {
      "name": "@yk-pets/pet-runtime-adaptive",
      "version": "0.7.8",
      "engines": {
        "node": ">=18"
      },
      "peerDependencies": {
        "@yk-pets/pet-core": "0.7.8"
      },
      "peerDependenciesMeta": {
        "@yk-pets/pet-core": {
          "optional": true
        }
      }
    },
    "packages/pet-runtime-lifecycle": {
      "name": "@yk-pets/pet-runtime-lifecycle",
      "version": "0.7.8",
      "engines": {
        "node": ">=18"
      }
    },
    "packages/pet-scope-approval": {
      "name": "@yk-pets/pet-scope-approval",
      "version": "0.7.8",
      "dependencies": {
        "@yk-pets/pet-patch-plan": "0.7.8"
      },
      "engines": {
        "node": ">=18"
      }
    },
    "packages/pet-site-policy": {
      "name": "@yk-pets/pet-site-policy",
      "version": "0.7.8",
      "engines": {
        "node": ">=18"
      }
    },
    "packages/pet-source-mapper": {
      "name": "@yk-pets/pet-source-mapper",
      "version": "0.7.8",
      "engines": {
        "node": ">=18"
      }
    },
    "packages/pet-verification-runner": {
      "name": "@yk-pets/pet-verification-runner",
      "version": "0.7.8",
      "engines": {
        "node": ">=18"
      }
    }
  }
}
